
Microsoft Visual Studio Solution File, Format Version 12.00
# Visual Studio Version 17
VisualStudioVersion = 17.9.34728.123
MinimumVisualStudioVersion = 10.0.40219.1
Project("{FAE04EC0-301F-11D3-BF4B-00C04F79EFBC}") = "MatchGame", "MatchGame\MatchGame.csproj", "{A5C1C8A1-0737-4D23-B19D-F72DAE785855}"
EndProject
Global
	GlobalSection(SolutionConfigurationPlatforms) = preSolution
		Debug|Any CPU = Debug|Any CPU
		Release|Any CPU = Release|Any CPU
	EndGlobalSection
	GlobalSection(ProjectConfigurationPlatforms) = postSolution
		{A5C1C8A1-0737-4D23-B19D-F72DAE785855}.Debug|Any CPU.ActiveCfg = Debug|Any CPU
		{A5C1C8A1-0737-4D23-B19D-F72DAE785855}.Debug|Any CPU.Build.0 = Debug|Any CPU
		{A5C1C8A1-0737-4D23-B19D-F72DAE785855}.Release|Any CPU.ActiveCfg = Release|Any CPU
		{A5C1C8A1-0737-4D23-B19D-F72DAE785855}.Release|Any CPU.Build.0 = Release|Any CPU
	EndGlobalSection
	GlobalSection(SolutionProperties) = preSolution
		HideSolutionNode = FALSE
	EndGlobalSection
	GlobalSection(ExtensibilityGlobals) = postSolution
		SolutionGuid = {F6DEC6E3-909E-4562-BD84-7745B93DC909}
	EndGlobalSection
EndGlobal
