
Microsoft Visual Studio Solution File, Format Version 12.00
# Visual Studio Version 17
VisualStudioVersion = 17.9.34728.123
MinimumVisualStudioVersion = 10.0.40219.1
Project("{FAE04EC0-301F-11D3-BF4B-00C04F79EFBC}") = "ExperimentWithControlsBlazor", "ExperimentWithControlsBlazor.csproj", "{33D0DF84-D282-4B22-B8E7-EC4A92890D87}"
EndProject
Global
	GlobalSection(SolutionConfigurationPlatforms) = preSolution
		Debug|Any CPU = Debug|Any CPU
		Release|Any CPU = Release|Any CPU
	EndGlobalSection
	GlobalSection(ProjectConfigurationPlatforms) = postSolution
		{33D0DF84-D282-4B22-B8E7-EC4A92890D87}.Debug|Any CPU.ActiveCfg = Debug|Any CPU
		{33D0DF84-D282-4B22-B8E7-EC4A92890D87}.Debug|Any CPU.Build.0 = Debug|Any CPU
		{33D0DF84-D282-4B22-B8E7-EC4A92890D87}.Release|Any CPU.ActiveCfg = Release|Any CPU
		{33D0DF84-D282-4B22-B8E7-EC4A92890D87}.Release|Any CPU.Build.0 = Release|Any CPU
	EndGlobalSection
	GlobalSection(SolutionProperties) = preSolution
		HideSolutionNode = FALSE
	EndGlobalSection
	GlobalSection(ExtensibilityGlobals) = postSolution
		SolutionGuid = {EE342975-6EB5-4DEB-A946-B128ACC3C79B}
	EndGlobalSection
EndGlobal
