
Microsoft Visual Studio Solution File, Format Version 12.00
# Visual Studio Version 16
VisualStudioVersion = 16.0.810.25
MinimumVisualStudioVersion = 10.0.40219.1
Project("{FAE04EC0-301F-11D3-BF4B-00C04F79EFBC}") = "PickACardBlazor", "PickACardBlazor\PickACardBlazor.csproj", "{87CD7478-91A6-45CA-A416-BA90680FF1A3}"
EndProject
Global
	GlobalSection(SolutionConfigurationPlatforms) = preSolution
		Debug|Any CPU = Debug|Any CPU
		Release|Any CPU = Release|Any CPU
	EndGlobalSection
	GlobalSection(ProjectConfigurationPlatforms) = postSolution
		{87CD7478-91A6-45CA-A416-BA90680FF1A3}.Debug|Any CPU.ActiveCfg = Debug|Any CPU
		{87CD7478-91A6-45CA-A416-BA90680FF1A3}.Debug|Any CPU.Build.0 = Debug|Any CPU
		{87CD7478-91A6-45CA-A416-BA90680FF1A3}.Release|Any CPU.ActiveCfg = Release|Any CPU
		{87CD7478-91A6-45CA-A416-BA90680FF1A3}.Release|Any CPU.Build.0 = Release|Any CPU
	EndGlobalSection
	GlobalSection(SolutionProperties) = preSolution
		HideSolutionNode = FALSE
	EndGlobalSection
	GlobalSection(ExtensibilityGlobals) = postSolution
		SolutionGuid = {7EF1E72B-CD25-49F5-9CDF-046A3B698FD5}
	EndGlobalSection
EndGlobal
